
Microsoft Visual Studio Solution File, Format Version 12.00
# Visual Studio Version 16
VisualStudioVersion = 16.0.28803.352
MinimumVisualStudioVersion = 10.0.40219.1
Project("{FAE04EC0-301F-11D3-BF4B-00C04F79EFBC}") = "ImageProcessLib", "ImageProcessLib\ImageProcessLib.csproj", "{9642BD09-FCCA-4C7D-9130-1ADD7967DDE3}"
EndProject
Project("{FAE04EC0-301F-11D3-BF4B-00C04F79EFBC}") = "ImageProcessUI", "ImageProcessUI\ImageProcessUI.csproj", "{DA950807-D1CE-4355-BD6A-AED313A119BB}"
EndProject
Project("{FAE04EC0-301F-11D3-BF4B-00C04F79EFBC}") = "ImageProcessBack", "ImageProcessBack\ImageProcessBack.csproj", "{342250D2-2EC6-41F1-AF2B-47ACB9EACA1F}"
EndProject
Project("{FAE04EC0-301F-11D3-BF4B-00C04F79EFBC}") = "OpenCbz", "OpenCbz\OpenCbz.csproj", "{FDB7F94B-96A8-4BB0-8B70-2A701238F5CF}"
EndProject
Project("{FAE04EC0-301F-11D3-BF4B-00C04F79EFBC}") = "OpenPdf", "OpenPdf\OpenPdf.csproj", "{E68D0645-9C9D-4435-98C1-9BEE0302E857}"
EndProject
Global
	GlobalSection(SolutionConfigurationPlatforms) = preSolution
		Debug|Any CPU = Debug|Any CPU
		Release|Any CPU = Release|Any CPU
	EndGlobalSection
	GlobalSection(ProjectConfigurationPlatforms) = postSolution
		{9642BD09-FCCA-4C7D-9130-1ADD7967DDE3}.Debug|Any CPU.ActiveCfg = Debug|Any CPU
		{9642BD09-FCCA-4C7D-9130-1ADD7967DDE3}.Debug|Any CPU.Build.0 = Debug|Any CPU
		{9642BD09-FCCA-4C7D-9130-1ADD7967DDE3}.Release|Any CPU.ActiveCfg = Release|Any CPU
		{9642BD09-FCCA-4C7D-9130-1ADD7967DDE3}.Release|Any CPU.Build.0 = Release|Any CPU
		{DA950807-D1CE-4355-BD6A-AED313A119BB}.Debug|Any CPU.ActiveCfg = Debug|Any CPU
		{DA950807-D1CE-4355-BD6A-AED313A119BB}.Debug|Any CPU.Build.0 = Debug|Any CPU
		{DA950807-D1CE-4355-BD6A-AED313A119BB}.Release|Any CPU.ActiveCfg = Release|Any CPU
		{DA950807-D1CE-4355-BD6A-AED313A119BB}.Release|Any CPU.Build.0 = Release|Any CPU
		{342250D2-2EC6-41F1-AF2B-47ACB9EACA1F}.Debug|Any CPU.ActiveCfg = Debug|Any CPU
		{342250D2-2EC6-41F1-AF2B-47ACB9EACA1F}.Debug|Any CPU.Build.0 = Debug|Any CPU
		{342250D2-2EC6-41F1-AF2B-47ACB9EACA1F}.Release|Any CPU.ActiveCfg = Release|Any CPU
		{342250D2-2EC6-41F1-AF2B-47ACB9EACA1F}.Release|Any CPU.Build.0 = Release|Any CPU
		{FDB7F94B-96A8-4BB0-8B70-2A701238F5CF}.Debug|Any CPU.ActiveCfg = Debug|Any CPU
		{FDB7F94B-96A8-4BB0-8B70-2A701238F5CF}.Debug|Any CPU.Build.0 = Debug|Any CPU
		{FDB7F94B-96A8-4BB0-8B70-2A701238F5CF}.Release|Any CPU.ActiveCfg = Release|Any CPU
		{FDB7F94B-96A8-4BB0-8B70-2A701238F5CF}.Release|Any CPU.Build.0 = Release|Any CPU
		{E68D0645-9C9D-4435-98C1-9BEE0302E857}.Debug|Any CPU.ActiveCfg = Debug|Any CPU
		{E68D0645-9C9D-4435-98C1-9BEE0302E857}.Debug|Any CPU.Build.0 = Debug|Any CPU
		{E68D0645-9C9D-4435-98C1-9BEE0302E857}.Release|Any CPU.ActiveCfg = Release|Any CPU
		{E68D0645-9C9D-4435-98C1-9BEE0302E857}.Release|Any CPU.Build.0 = Release|Any CPU
	EndGlobalSection
	GlobalSection(SolutionProperties) = preSolution
		HideSolutionNode = FALSE
	EndGlobalSection
	GlobalSection(ExtensibilityGlobals) = postSolution
		SolutionGuid = {B287147E-1FC6-429F-80FF-B7327D9719AF}
	EndGlobalSection
EndGlobal
